
Microsoft Visual Studio Solution File, Format Version 12.00
Project("{FAE04EC0-301F-11D3-BF4B-00C04F79EFBC}") = "SchoolAppManager", "SchoolAppManager.csproj", "{22471BD7-D5AA-460A-A3EC-77D745589A14}"
EndProject
Global
	GlobalSection(SolutionConfigurationPlatforms) = preSolution
		Debug|Any CPU = Debug|Any CPU
		Release|Any CPU = Release|Any CPU
	EndGlobalSection
	GlobalSection(ProjectConfigurationPlatforms) = postSolution
		{22471BD7-D5AA-460A-A3EC-77D745589A14}.Debug|Any CPU.ActiveCfg = Debug|Any CPU
		{22471BD7-D5AA-460A-A3EC-77D745589A14}.Debug|Any CPU.Build.0 = Debug|Any CPU
		{22471BD7-D5AA-460A-A3EC-77D745589A14}.Release|Any CPU.ActiveCfg = Release|Any CPU
		{22471BD7-D5AA-460A-A3EC-77D745589A14}.Release|Any CPU.Build.0 = Release|Any CPU
	EndGlobalSection
EndGlobal
